// !$*UTF8*$!
{
	archiveVersion = 1;
	classes = {
	};
	objectVersion = 46;
	objects = {

/* Begin PBXBuildFile section */
		05FE03CCBADD3226B5DB76DD /* libPods-CloudContract_SDK.a in Frameworks */ = {isa = PBXBuildFile; fileRef = F468922D5309885756F55EBA /* libPods-CloudContract_SDK.a */; };
		CF1BEF251CE7182800A55417 /* AFHTTPRequestOperation.m in Sources */ = {isa = PBXBuildFile; fileRef = CF1BEF131CE7182800A55417 /* AFHTTPRequestOperation.m */; };
		CF1BEF261CE7182800A55417 /* AFHTTPRequestOperationManager.m in Sources */ = {isa = PBXBuildFile; fileRef = CF1BEF151CE7182800A55417 /* AFHTTPRequestOperationManager.m */; };
		CF1BEF271CE7182800A55417 /* AFHTTPSessionManager.m in Sources */ = {isa = PBXBuildFile; fileRef = CF1BEF171CE7182800A55417 /* AFHTTPSessionManager.m */; };
		CF1BEF281CE7182800A55417 /* AFNetworkReachabilityManager.m in Sources */ = {isa = PBXBuildFile; fileRef = CF1BEF1A1CE7182800A55417 /* AFNetworkReachabilityManager.m */; };
		CF1BEF291CE7182800A55417 /* AFSecurityPolicy.m in Sources */ = {isa = PBXBuildFile; fileRef = CF1BEF1C1CE7182800A55417 /* AFSecurityPolicy.m */; };
		CF1BEF2A1CE7182800A55417 /* AFURLConnectionOperation.m in Sources */ = {isa = PBXBuildFile; fileRef = CF1BEF1E1CE7182800A55417 /* AFURLConnectionOperation.m */; };
		CF1BEF2B1CE7182800A55417 /* AFURLRequestSerialization.m in Sources */ = {isa = PBXBuildFile; fileRef = CF1BEF201CE7182800A55417 /* AFURLRequestSerialization.m */; };
		CF1BEF2C1CE7182800A55417 /* AFURLResponseSerialization.m in Sources */ = {isa = PBXBuildFile; fileRef = CF1BEF221CE7182800A55417 /* AFURLResponseSerialization.m */; };
		CF1BEF2D1CE7182800A55417 /* AFURLSessionManager.m in Sources */ = {isa = PBXBuildFile; fileRef = CF1BEF241CE7182800A55417 /* AFURLSessionManager.m */; };
		CF309BD51CEC5CD900637FF6 /* YHTSdk.bundle in Resources */ = {isa = PBXBuildFile; fileRef = CF309BD01CEC57A900637FF6 /* YHTSdk.bundle */; };
		CF67F63D1CC8B04F00BBB7AF /* main.m in Sources */ = {isa = PBXBuildFile; fileRef = CF67F63C1CC8B04F00BBB7AF /* main.m */; };
		CF67F6401CC8B04F00BBB7AF /* AppDelegate.m in Sources */ = {isa = PBXBuildFile; fileRef = CF67F63F1CC8B04F00BBB7AF /* AppDelegate.m */; };
		CF67F6481CC8B04F00BBB7AF /* Assets.xcassets in Resources */ = {isa = PBXBuildFile; fileRef = CF67F6471CC8B04F00BBB7AF /* Assets.xcassets */; };
		CF67F64B1CC8B04F00BBB7AF /* LaunchScreen.storyboard in Resources */ = {isa = PBXBuildFile; fileRef = CF67F6491CC8B04F00BBB7AF /* LaunchScreen.storyboard */; };
		CF67F6561CC8B04F00BBB7AF /* CloudContract_SDKTests.m in Sources */ = {isa = PBXBuildFile; fileRef = CF67F6551CC8B04F00BBB7AF /* CloudContract_SDKTests.m */; };
		CF772EF61D06A504006005DF /* YHTSDKDemoConfirmViewController.m in Sources */ = {isa = PBXBuildFile; fileRef = CF772EF41D06A504006005DF /* YHTSDKDemoConfirmViewController.m */; };
		CF772EF71D06A504006005DF /* YHTSDKDemoConfirmViewController.xib in Resources */ = {isa = PBXBuildFile; fileRef = CF772EF51D06A504006005DF /* YHTSDKDemoConfirmViewController.xib */; };
		CFA5B1FF1D057B1600239C6A /* YHTSDKDemoShowViewController.m in Sources */ = {isa = PBXBuildFile; fileRef = CFA5B1FD1D057B1600239C6A /* YHTSDKDemoShowViewController.m */; };
		CFA5B2001D057B1600239C6A /* YHTSDKDemoShowViewController.xib in Resources */ = {isa = PBXBuildFile; fileRef = CFA5B1FE1D057B1600239C6A /* YHTSDKDemoShowViewController.xib */; };
		CFA7DA281CE9E18500D6EDD3 /* YHTSDKDemoContractListViewController.m in Sources */ = {isa = PBXBuildFile; fileRef = CFA7DA271CE9E18500D6EDD3 /* YHTSDKDemoContractListViewController.m */; };
		CFA7DA2B1CE9E49700D6EDD3 /* YHTSDKDemoContract.m in Sources */ = {isa = PBXBuildFile; fileRef = CFA7DA2A1CE9E49700D6EDD3 /* YHTSDKDemoContract.m */; };
		CFB9F2581D0304AD00262E49 /* YHTSDKDemoTokenListener.m in Sources */ = {isa = PBXBuildFile; fileRef = CFB9F2571D0304AD00262E49 /* YHTSDKDemoTokenListener.m */; };
		CFCF4D3D1E0513E5007BD328 /* YHTSdk.m in Sources */ = {isa = PBXBuildFile; fileRef = CF67F6D11CCDEAB400BBB7AF /* YHTSdk.m */; };
		CFCF4D3E1E0513E5007BD328 /* YHTContractManager.m in Sources */ = {isa = PBXBuildFile; fileRef = CFDEBA901D1186D900B57D2C /* YHTContractManager.m */; };
		CFCF4D3F1E0513E5007BD328 /* YHTSignManager.m in Sources */ = {isa = PBXBuildFile; fileRef = CFDEBA921D1186D900B57D2C /* YHTSignManager.m */; };
		CFCF4D401E0513E5007BD328 /* YHTTokenManager.m in Sources */ = {isa = PBXBuildFile; fileRef = CFDEBA941D1186D900B57D2C /* YHTTokenManager.m */; };
		CFCF4D411E0513E5007BD328 /* YHTContractContentViewController.m in Sources */ = {isa = PBXBuildFile; fileRef = CFDEBA991D1186FC00B57D2C /* YHTContractContentViewController.m */; };
		CFCF4D421E0513E5007BD328 /* YHTPreContractContentViewController.m in Sources */ = {isa = PBXBuildFile; fileRef = CFD4077E1DFFE147004C1609 /* YHTPreContractContentViewController.m */; };
		CFCF4D431E0513E5007BD328 /* YHTSignMadeViewController.m in Sources */ = {isa = PBXBuildFile; fileRef = CFDEBA9B1D1186FC00B57D2C /* YHTSignMadeViewController.m */; };
		CFCF4D441E0513E5007BD328 /* YHTSignViewController.m in Sources */ = {isa = PBXBuildFile; fileRef = CFDEBA9D1D1186FC00B57D2C /* YHTSignViewController.m */; };
		CFCF4D451E0513E5007BD328 /* YHTConstants.m in Sources */ = {isa = PBXBuildFile; fileRef = CFDEBA6F1D11848A00B57D2C /* YHTConstants.m */; };
		CFCF4D461E0513E5007BD328 /* YHTError.m in Sources */ = {isa = PBXBuildFile; fileRef = CFDEBA711D11848A00B57D2C /* YHTError.m */; };
		CFCF4D471E0513E5007BD328 /* YHTHttpRequest.m in Sources */ = {isa = PBXBuildFile; fileRef = CFDEBA731D11848A00B57D2C /* YHTHttpRequest.m */; };
		CFCF4D481E0513E5007BD328 /* YHTContract.m in Sources */ = {isa = PBXBuildFile; fileRef = CFDEBA791D1185FE00B57D2C /* YHTContract.m */; };
		CFCF4D491E0513E5007BD328 /* YHTContractOperateMenu.m in Sources */ = {isa = PBXBuildFile; fileRef = CFDEBA7B1D1185FE00B57D2C /* YHTContractOperateMenu.m */; };
		CFCF4D4A1E0513E5007BD328 /* YHTContractPreOperateMenu.m in Sources */ = {isa = PBXBuildFile; fileRef = CFD407811DFFF500004C1609 /* YHTContractPreOperateMenu.m */; };
		CFCF4D4B1E0513E5007BD328 /* YHTContractPartner.m in Sources */ = {isa = PBXBuildFile; fileRef = CFDEBA7D1D1185FE00B57D2C /* YHTContractPartner.m */; };
		CFCF4D4C1E0513E5007BD328 /* YHTContractWebView.m in Sources */ = {isa = PBXBuildFile; fileRef = CFDEBA7F1D1185FE00B57D2C /* YHTContractWebView.m */; };
		CFCF4D4D1E0513E5007BD328 /* YHTSign.m in Sources */ = {isa = PBXBuildFile; fileRef = CFDEBA821D1185FE00B57D2C /* YHTSign.m */; };
		CFCF4D4E1E0513E5007BD328 /* YHTSignView.m in Sources */ = {isa = PBXBuildFile; fileRef = CFDEBA841D1185FE00B57D2C /* YHTSignView.m */; };
		CFCF4D501E0513E5007BD328 /* BasePopMenu.m in Sources */ = {isa = PBXBuildFile; fileRef = CF309BC51CEC4B5600637FF6 /* BasePopMenu.m */; };
		CFCF4D511E0513E5007BD328 /* BasePopTableView.m in Sources */ = {isa = PBXBuildFile; fileRef = CF309BC71CEC4B5600637FF6 /* BasePopTableView.m */; };
		CFCF4D521E0513E5007BD328 /* BaseWebView.m in Sources */ = {isa = PBXBuildFile; fileRef = CF309BC91CEC4B5600637FF6 /* BaseWebView.m */; };
		CFCF4D531E0513E5007BD328 /* NSData+Base64.m in Sources */ = {isa = PBXBuildFile; fileRef = CF309BB51CEC4A0C00637FF6 /* NSData+Base64.m */; };
		CFCF4D541E0513E5007BD328 /* NSNumber+Wqz.m in Sources */ = {isa = PBXBuildFile; fileRef = CF309BB71CEC4A0C00637FF6 /* NSNumber+Wqz.m */; };
		CFCF4D551E0513E5007BD328 /* NSString+Wqz.m in Sources */ = {isa = PBXBuildFile; fileRef = CF309BB91CEC4A0C00637FF6 /* NSString+Wqz.m */; };
		CFCF4D561E0513E5007BD328 /* UIButton+Wqz.m in Sources */ = {isa = PBXBuildFile; fileRef = CF309BBB1CEC4A0C00637FF6 /* UIButton+Wqz.m */; };
		CFCF4D571E0513E5007BD328 /* UIImage+Wqz.m in Sources */ = {isa = PBXBuildFile; fileRef = CF309BBD1CEC4A0C00637FF6 /* UIImage+Wqz.m */; };
		CFCF4D5A1E051469007BD328 /* YHT_PPSSignatureView.m in Sources */ = {isa = PBXBuildFile; fileRef = CFDEBA571D0FDFAD00B57D2C /* YHT_PPSSignatureView.m */; };
		CFCF4D5D1E0516BC007BD328 /* MBProgressHUD+Wqz.m in Sources */ = {isa = PBXBuildFile; fileRef = CFCF4D5C1E0516BC007BD328 /* MBProgressHUD+Wqz.m */; };
		CFF258B41D0ED6010093F0CD /* YHTSDKDemoBaseViewController.m in Sources */ = {isa = PBXBuildFile; fileRef = CFF258B31D0ED6010093F0CD /* YHTSDKDemoBaseViewController.m */; };
/* End PBXBuildFile section */

/* Begin PBXContainerItemProxy section */
		CF67F6521CC8B04F00BBB7AF /* PBXContainerItemProxy */ = {
			isa = PBXContainerItemProxy;
			containerPortal = CF67F6301CC8B04F00BBB7AF /* Project object */;
			proxyType = 1;
			remoteGlobalIDString = CF67F6371CC8B04F00BBB7AF;
			remoteInfo = CloudContract_SDK;
		};
/* End PBXContainerItemProxy section */

/* Begin PBXFileReference section */
		8348C4A7459945511BC4E404 /* Pods-CloudContract_SDK.release.xcconfig */ = {isa = PBXFileReference; includeInIndex = 1; lastKnownFileType = text.xcconfig; name = "Pods-CloudContract_SDK.release.xcconfig"; path = "Pods/Target Support Files/Pods-CloudContract_SDK/Pods-CloudContract_SDK.release.xcconfig"; sourceTree = "<group>"; };
		8D89880A687DC8BAB5F00825 /* Pods-CloudContract_SDK.debug.xcconfig */ = {isa = PBXFileReference; includeInIndex = 1; lastKnownFileType = text.xcconfig; name = "Pods-CloudContract_SDK.debug.xcconfig"; path = "Pods/Target Support Files/Pods-CloudContract_SDK/Pods-CloudContract_SDK.debug.xcconfig"; sourceTree = "<group>"; };
		CF1BEF121CE7182800A55417 /* AFHTTPRequestOperation.h */ = {isa = PBXFileReference; fileEncoding = 4; lastKnownFileType = sourcecode.c.h; path = AFHTTPRequestOperation.h; sourceTree = "<group>"; };
		CF1BEF131CE7182800A55417 /* AFHTTPRequestOperation.m */ = {isa = PBXFileReference; fileEncoding = 4; lastKnownFileType = sourcecode.c.objc; path = AFHTTPRequestOperation.m; sourceTree = "<group>"; };
		CF1BEF141CE7182800A55417 /* AFHTTPRequestOperationManager.h */ = {isa = PBXFileReference; fileEncoding = 4; lastKnownFileType = sourcecode.c.h; path = AFHTTPRequestOperationManager.h; sourceTree = "<group>"; };
		CF1BEF151CE7182800A55417 /* AFHTTPRequestOperationManager.m */ = {isa = PBXFileReference; fileEncoding = 4; lastKnownFileType = sourcecode.c.objc; path = AFHTTPRequestOperationManager.m; sourceTree = "<group>"; };
		CF1BEF161CE7182800A55417 /* AFHTTPSessionManager.h */ = {isa = PBXFileReference; fileEncoding = 4; lastKnownFileType = sourcecode.c.h; path = AFHTTPSessionManager.h; sourceTree = "<group>"; };
		CF1BEF171CE7182800A55417 /* AFHTTPSessionManager.m */ = {isa = PBXFileReference; fileEncoding = 4; lastKnownFileType = sourcecode.c.objc; path = AFHTTPSessionManager.m; sourceTree = "<group>"; };
		CF1BEF181CE7182800A55417 /* AFNetworking.h */ = {isa = PBXFileReference; fileEncoding = 4; lastKnownFileType = sourcecode.c.h; path = AFNetworking.h; sourceTree = "<group>"; };
		CF1BEF191CE7182800A55417 /* AFNetworkReachabilityManager.h */ = {isa = PBXFileReference; fileEncoding = 4; lastKnownFileType = sourcecode.c.h; path = AFNetworkReachabilityManager.h; sourceTree = "<group>"; };
		CF1BEF1A1CE7182800A55417 /* AFNetworkReachabilityManager.m */ = {isa = PBXFileReference; fileEncoding = 4; lastKnownFileType = sourcecode.c.objc; path = AFNetworkReachabilityManager.m; sourceTree = "<group>"; };
		CF1BEF1B1CE7182800A55417 /* AFSecurityPolicy.h */ = {isa = PBXFileReference; fileEncoding = 4; lastKnownFileType = sourcecode.c.h; path = AFSecurityPolicy.h; sourceTree = "<group>"; };
		CF1BEF1C1CE7182800A55417 /* AFSecurityPolicy.m */ = {isa = PBXFileReference; fileEncoding = 4; lastKnownFileType = sourcecode.c.objc; path = AFSecurityPolicy.m; sourceTree = "<group>"; };
		CF1BEF1D1CE7182800A55417 /* AFURLConnectionOperation.h */ = {isa = PBXFileReference; fileEncoding = 4; lastKnownFileType = sourcecode.c.h; path = AFURLConnectionOperation.h; sourceTree = "<group>"; };
		CF1BEF1E1CE7182800A55417 /* AFURLConnectionOperation.m */ = {isa = PBXFileReference; fileEncoding = 4; lastKnownFileType = sourcecode.c.objc; path = AFURLConnectionOperation.m; sourceTree = "<group>"; };
		CF1BEF1F1CE7182800A55417 /* AFURLRequestSerialization.h */ = {isa = PBXFileReference; fileEncoding = 4; lastKnownFileType = sourcecode.c.h; path = AFURLRequestSerialization.h; sourceTree = "<group>"; };
		CF1BEF201CE7182800A55417 /* AFURLRequestSerialization.m */ = {isa = PBXFileReference; fileEncoding = 4; lastKnownFileType = sourcecode.c.objc; path = AFURLRequestSerialization.m; sourceTree = "<group>"; };
		CF1BEF211CE7182800A55417 /* AFURLResponseSerialization.h */ = {isa = PBXFileReference; fileEncoding = 4; lastKnownFileType = sourcecode.c.h; path = AFURLResponseSerialization.h; sourceTree = "<group>"; };
		CF1BEF221CE7182800A55417 /* AFURLResponseSerialization.m */ = {isa = PBXFileReference; fileEncoding = 4; lastKnownFileType = sourcecode.c.objc; path = AFURLResponseSerialization.m; sourceTree = "<group>"; };
		CF1BEF231CE7182800A55417 /* AFURLSessionManager.h */ = {isa = PBXFileReference; fileEncoding = 4; lastKnownFileType = sourcecode.c.h; path = AFURLSessionManager.h; sourceTree = "<group>"; };
		CF1BEF241CE7182800A55417 /* AFURLSessionManager.m */ = {isa = PBXFileReference; fileEncoding = 4; lastKnownFileType = sourcecode.c.objc; path = AFURLSessionManager.m; sourceTree = "<group>"; };
		CF309BB41CEC4A0C00637FF6 /* NSData+Base64.h */ = {isa = PBXFileReference; fileEncoding = 4; lastKnownFileType = sourcecode.c.h; path = "NSData+Base64.h"; sourceTree = "<group>"; };
		CF309BB51CEC4A0C00637FF6 /* NSData+Base64.m */ = {isa = PBXFileReference; fileEncoding = 4; lastKnownFileType = sourcecode.c.objc; path = "NSData+Base64.m"; sourceTree = "<group>"; };
		CF309BB61CEC4A0C00637FF6 /* NSNumber+Wqz.h */ = {isa = PBXFileReference; fileEncoding = 4; lastKnownFileType = sourcecode.c.h; path = "NSNumber+Wqz.h"; sourceTree = "<group>"; };
		CF309BB71CEC4A0C00637FF6 /* NSNumber+Wqz.m */ = {isa = PBXFileReference; fileEncoding = 4; lastKnownFileType = sourcecode.c.objc; path = "NSNumber+Wqz.m"; sourceTree = "<group>"; };
		CF309BB81CEC4A0C00637FF6 /* NSString+Wqz.h */ = {isa = PBXFileReference; fileEncoding = 4; lastKnownFileType = sourcecode.c.h; path = "NSString+Wqz.h"; sourceTree = "<group>"; };
		CF309BB91CEC4A0C00637FF6 /* NSString+Wqz.m */ = {isa = PBXFileReference; fileEncoding = 4; lastKnownFileType = sourcecode.c.objc; path = "NSString+Wqz.m"; sourceTree = "<group>"; };
		CF309BBA1CEC4A0C00637FF6 /* UIButton+Wqz.h */ = {isa = PBXFileReference; fileEncoding = 4; lastKnownFileType = sourcecode.c.h; path = "UIButton+Wqz.h"; sourceTree = "<group>"; };
		CF309BBB1CEC4A0C00637FF6 /* UIButton+Wqz.m */ = {isa = PBXFileReference; fileEncoding = 4; lastKnownFileType = sourcecode.c.objc; path = "UIButton+Wqz.m"; sourceTree = "<group>"; };
		CF309BBC1CEC4A0C00637FF6 /* UIImage+Wqz.h */ = {isa = PBXFileReference; fileEncoding = 4; lastKnownFileType = sourcecode.c.h; path = "UIImage+Wqz.h"; sourceTree = "<group>"; };
		CF309BBD1CEC4A0C00637FF6 /* UIImage+Wqz.m */ = {isa = PBXFileReference; fileEncoding = 4; lastKnownFileType = sourcecode.c.objc; path = "UIImage+Wqz.m"; sourceTree = "<group>"; };
		CF309BC41CEC4B5600637FF6 /* BasePopMenu.h */ = {isa = PBXFileReference; fileEncoding = 4; lastKnownFileType = sourcecode.c.h; path = BasePopMenu.h; sourceTree = "<group>"; };
		CF309BC51CEC4B5600637FF6 /* BasePopMenu.m */ = {isa = PBXFileReference; fileEncoding = 4; lastKnownFileType = sourcecode.c.objc; path = BasePopMenu.m; sourceTree = "<group>"; };
		CF309BC61CEC4B5600637FF6 /* BasePopTableView.h */ = {isa = PBXFileReference; fileEncoding = 4; lastKnownFileType = sourcecode.c.h; path = BasePopTableView.h; sourceTree = "<group>"; };
		CF309BC71CEC4B5600637FF6 /* BasePopTableView.m */ = {isa = PBXFileReference; fileEncoding = 4; lastKnownFileType = sourcecode.c.objc; path = BasePopTableView.m; sourceTree = "<group>"; };
		CF309BC81CEC4B5600637FF6 /* BaseWebView.h */ = {isa = PBXFileReference; fileEncoding = 4; lastKnownFileType = sourcecode.c.h; path = BaseWebView.h; sourceTree = "<group>"; };
		CF309BC91CEC4B5600637FF6 /* BaseWebView.m */ = {isa = PBXFileReference; fileEncoding = 4; lastKnownFileType = sourcecode.c.objc; path = BaseWebView.m; sourceTree = "<group>"; };
		CF309BD01CEC57A900637FF6 /* YHTSdk.bundle */ = {isa = PBXFileReference; lastKnownFileType = "wrapper.plug-in"; path = YHTSdk.bundle; sourceTree = "<group>"; };
		CF67F6381CC8B04F00BBB7AF /* CloudContract_SDK.app */ = {isa = PBXFileReference; explicitFileType = wrapper.application; includeInIndex = 0; path = CloudContract_SDK.app; sourceTree = BUILT_PRODUCTS_DIR; };
		CF67F63C1CC8B04F00BBB7AF /* main.m */ = {isa = PBXFileReference; lastKnownFileType = sourcecode.c.objc; path = main.m; sourceTree = "<group>"; };
		CF67F63E1CC8B04F00BBB7AF /* AppDelegate.h */ = {isa = PBXFileReference; lastKnownFileType = sourcecode.c.h; path = AppDelegate.h; sourceTree = "<group>"; };
		CF67F63F1CC8B04F00BBB7AF /* AppDelegate.m */ = {isa = PBXFileReference; lastKnownFileType = sourcecode.c.objc; path = AppDelegate.m; sourceTree = "<group>"; };
		CF67F6471CC8B04F00BBB7AF /* Assets.xcassets */ = {isa = PBXFileReference; lastKnownFileType = folder.assetcatalog; path = Assets.xcassets; sourceTree = "<group>"; };
		CF67F64A1CC8B04F00BBB7AF /* Base */ = {isa = PBXFileReference; lastKnownFileType = file.storyboard; name = Base; path = Base.lproj/LaunchScreen.storyboard; sourceTree = "<group>"; };
		CF67F64C1CC8B04F00BBB7AF /* Info.plist */ = {isa = PBXFileReference; lastKnownFileType = text.plist.xml; path = Info.plist; sourceTree = "<group>"; };
		CF67F6511CC8B04F00BBB7AF /* CloudContract_SDKTests.xctest */ = {isa = PBXFileReference; explicitFileType = wrapper.cfbundle; includeInIndex = 0; path = CloudContract_SDKTests.xctest; sourceTree = BUILT_PRODUCTS_DIR; };
		CF67F6551CC8B04F00BBB7AF /* CloudContract_SDKTests.m */ = {isa = PBXFileReference; lastKnownFileType = sourcecode.c.objc; name = CloudContract_SDKTests.m; path = CloudContract_SDKTests/CloudContract_SDKTests.m; sourceTree = SOURCE_ROOT; };
		CF67F6571CC8B04F00BBB7AF /* Info.plist */ = {isa = PBXFileReference; lastKnownFileType = text.plist.xml; path = Info.plist; sourceTree = "<group>"; };
		CF67F6D01CCDEAB400BBB7AF /* YHTSdk.h */ = {isa = PBXFileReference; fileEncoding = 4; lastKnownFileType = sourcecode.c.h; path = YHTSdk.h; sourceTree = "<group>"; };
		CF67F6D11CCDEAB400BBB7AF /* YHTSdk.m */ = {isa = PBXFileReference; fileEncoding = 4; lastKnownFileType = sourcecode.c.objc; path = YHTSdk.m; sourceTree = "<group>"; };
		CF772EF31D06A504006005DF /* YHTSDKDemoConfirmViewController.h */ = {isa = PBXFileReference; fileEncoding = 4; lastKnownFileType = sourcecode.c.h; path = YHTSDKDemoConfirmViewController.h; sourceTree = "<group>"; };
		CF772EF41D06A504006005DF /* YHTSDKDemoConfirmViewController.m */ = {isa = PBXFileReference; fileEncoding = 4; lastKnownFileType = sourcecode.c.objc; path = YHTSDKDemoConfirmViewController.m; sourceTree = "<group>"; };
		CF772EF51D06A504006005DF /* YHTSDKDemoConfirmViewController.xib */ = {isa = PBXFileReference; fileEncoding = 4; lastKnownFileType = file.xib; path = YHTSDKDemoConfirmViewController.xib; sourceTree = "<group>"; };
		CFA5B1FC1D057B1600239C6A /* YHTSDKDemoShowViewController.h */ = {isa = PBXFileReference; fileEncoding = 4; lastKnownFileType = sourcecode.c.h; path = YHTSDKDemoShowViewController.h; sourceTree = "<group>"; };
		CFA5B1FD1D057B1600239C6A /* YHTSDKDemoShowViewController.m */ = {isa = PBXFileReference; fileEncoding = 4; lastKnownFileType = sourcecode.c.objc; path = YHTSDKDemoShowViewController.m; sourceTree = "<group>"; };
		CFA5B1FE1D057B1600239C6A /* YHTSDKDemoShowViewController.xib */ = {isa = PBXFileReference; fileEncoding = 4; lastKnownFileType = file.xib; path = YHTSDKDemoShowViewController.xib; sourceTree = "<group>"; };
		CFA7DA261CE9E18500D6EDD3 /* YHTSDKDemoContractListViewController.h */ = {isa = PBXFileReference; fileEncoding = 4; lastKnownFileType = sourcecode.c.h; path = YHTSDKDemoContractListViewController.h; sourceTree = "<group>"; };
		CFA7DA271CE9E18500D6EDD3 /* YHTSDKDemoContractListViewController.m */ = {isa = PBXFileReference; fileEncoding = 4; lastKnownFileType = sourcecode.c.objc; path = YHTSDKDemoContractListViewController.m; sourceTree = "<group>"; };
		CFA7DA291CE9E49700D6EDD3 /* YHTSDKDemoContract.h */ = {isa = PBXFileReference; fileEncoding = 4; lastKnownFileType = sourcecode.c.h; path = YHTSDKDemoContract.h; sourceTree = "<group>"; };
		CFA7DA2A1CE9E49700D6EDD3 /* YHTSDKDemoContract.m */ = {isa = PBXFileReference; fileEncoding = 4; lastKnownFileType = sourcecode.c.objc; path = YHTSDKDemoContract.m; sourceTree = "<group>"; };
		CFB9F2561D0304AD00262E49 /* YHTSDKDemoTokenListener.h */ = {isa = PBXFileReference; fileEncoding = 4; lastKnownFileType = sourcecode.c.h; path = YHTSDKDemoTokenListener.h; sourceTree = "<group>"; };
		CFB9F2571D0304AD00262E49 /* YHTSDKDemoTokenListener.m */ = {isa = PBXFileReference; fileEncoding = 4; lastKnownFileType = sourcecode.c.objc; path = YHTSDKDemoTokenListener.m; sourceTree = "<group>"; };
		CFCF4D381E051155007BD328 /* libMBProgressHUD.a */ = {isa = PBXFileReference; lastKnownFileType = archive.ar; name = libMBProgressHUD.a; path = "../../Library/Developer/Xcode/DerivedData/CloudContract_SDK-ejuufliyyrnabtamovrqnwzkwqxf/Build/Products/Debug-iphonesimulator/MBProgressHUD/libMBProgressHUD.a"; sourceTree = "<group>"; };
		CFCF4D3B1E051209007BD328 /* libPods-CloudContract_SDK.a */ = {isa = PBXFileReference; lastKnownFileType = archive.ar; name = "libPods-CloudContract_SDK.a"; path = "../../Library/Developer/Xcode/DerivedData/CloudContract_SDK-ejuufliyyrnabtamovrqnwzkwqxf/Build/Products/Debug-iphonesimulator/libPods-CloudContract_SDK.a"; sourceTree = "<group>"; };
		CFCF4D5B1E0516BC007BD328 /* MBProgressHUD+Wqz.h */ = {isa = PBXFileReference; fileEncoding = 4; lastKnownFileType = sourcecode.c.h; path = "MBProgressHUD+Wqz.h"; sourceTree = "<group>"; };
		CFCF4D5C1E0516BC007BD328 /* MBProgressHUD+Wqz.m */ = {isa = PBXFileReference; fileEncoding = 4; lastKnownFileType = sourcecode.c.objc; path = "MBProgressHUD+Wqz.m"; sourceTree = "<group>"; };
		CFD4077D1DFFE147004C1609 /* YHTPreContractContentViewController.h */ = {isa = PBXFileReference; fileEncoding = 4; lastKnownFileType = sourcecode.c.h; path = YHTPreContractContentViewController.h; sourceTree = "<group>"; };
		CFD4077E1DFFE147004C1609 /* YHTPreContractContentViewController.m */ = {isa = PBXFileReference; fileEncoding = 4; lastKnownFileType = sourcecode.c.objc; path = YHTPreContractContentViewController.m; sourceTree = "<group>"; };
		CFD407801DFFF500004C1609 /* YHTContractPreOperateMenu.h */ = {isa = PBXFileReference; fileEncoding = 4; lastKnownFileType = sourcecode.c.h; path = YHTContractPreOperateMenu.h; sourceTree = "<group>"; };
		CFD407811DFFF500004C1609 /* YHTContractPreOperateMenu.m */ = {isa = PBXFileReference; fileEncoding = 4; lastKnownFileType = sourcecode.c.objc; path = YHTContractPreOperateMenu.m; sourceTree = "<group>"; };
		CFDEBA561D0FDFAD00B57D2C /* YHT_PPSSignatureView.h */ = {isa = PBXFileReference; fileEncoding = 4; lastKnownFileType = sourcecode.c.h; path = YHT_PPSSignatureView.h; sourceTree = "<group>"; };
		CFDEBA571D0FDFAD00B57D2C /* YHT_PPSSignatureView.m */ = {isa = PBXFileReference; fileEncoding = 4; lastKnownFileType = sourcecode.c.objc; path = YHT_PPSSignatureView.m; sourceTree = "<group>"; };
		CFDEBA6E1D11848A00B57D2C /* YHTConstants.h */ = {isa = PBXFileReference; fileEncoding = 4; lastKnownFileType = sourcecode.c.h; path = YHTConstants.h; sourceTree = "<group>"; };
		CFDEBA6F1D11848A00B57D2C /* YHTConstants.m */ = {isa = PBXFileReference; fileEncoding = 4; lastKnownFileType = sourcecode.c.objc; path = YHTConstants.m; sourceTree = "<group>"; };
		CFDEBA701D11848A00B57D2C /* YHTError.h */ = {isa = PBXFileReference; fileEncoding = 4; lastKnownFileType = sourcecode.c.h; path = YHTError.h; sourceTree = "<group>"; };
		CFDEBA711D11848A00B57D2C /* YHTError.m */ = {isa = PBXFileReference; fileEncoding = 4; lastKnownFileType = sourcecode.c.objc; path = YHTError.m; sourceTree = "<group>"; };
		CFDEBA721D11848A00B57D2C /* YHTHttpRequest.h */ = {isa = PBXFileReference; fileEncoding = 4; lastKnownFileType = sourcecode.c.h; path = YHTHttpRequest.h; sourceTree = "<group>"; };
		CFDEBA731D11848A00B57D2C /* YHTHttpRequest.m */ = {isa = PBXFileReference; fileEncoding = 4; lastKnownFileType = sourcecode.c.objc; path = YHTHttpRequest.m; sourceTree = "<group>"; };
		CFDEBA781D1185FE00B57D2C /* YHTContract.h */ = {isa = PBXFileReference; fileEncoding = 4; lastKnownFileType = sourcecode.c.h; path = YHTContract.h; sourceTree = "<group>"; };
		CFDEBA791D1185FE00B57D2C /* YHTContract.m */ = {isa = PBXFileReference; fileEncoding = 4; lastKnownFileType = sourcecode.c.objc; path = YHTContract.m; sourceTree = "<group>"; };
		CFDEBA7A1D1185FE00B57D2C /* YHTContractOperateMenu.h */ = {isa = PBXFileReference; fileEncoding = 4; lastKnownFileType = sourcecode.c.h; path = YHTContractOperateMenu.h; sourceTree = "<group>"; };
		CFDEBA7B1D1185FE00B57D2C /* YHTContractOperateMenu.m */ = {isa = PBXFileReference; fileEncoding = 4; lastKnownFileType = sourcecode.c.objc; path = YHTContractOperateMenu.m; sourceTree = "<group>"; };
		CFDEBA7C1D1185FE00B57D2C /* YHTContractPartner.h */ = {isa = PBXFileReference; fileEncoding = 4; lastKnownFileType = sourcecode.c.h; path = YHTContractPartner.h; sourceTree = "<group>"; };
		CFDEBA7D1D1185FE00B57D2C /* YHTContractPartner.m */ = {isa = PBXFileReference; fileEncoding = 4; lastKnownFileType = sourcecode.c.objc; path = YHTContractPartner.m; sourceTree = "<group>"; };
		CFDEBA7E1D1185FE00B57D2C /* YHTContractWebView.h */ = {isa = PBXFileReference; fileEncoding = 4; lastKnownFileType = sourcecode.c.h; path = YHTContractWebView.h; sourceTree = "<group>"; };
		CFDEBA7F1D1185FE00B57D2C /* YHTContractWebView.m */ = {isa = PBXFileReference; fileEncoding = 4; lastKnownFileType = sourcecode.c.objc; path = YHTContractWebView.m; sourceTree = "<group>"; };
		CFDEBA811D1185FE00B57D2C /* YHTSign.h */ = {isa = PBXFileReference; fileEncoding = 4; lastKnownFileType = sourcecode.c.h; path = YHTSign.h; sourceTree = "<group>"; };
		CFDEBA821D1185FE00B57D2C /* YHTSign.m */ = {isa = PBXFileReference; fileEncoding = 4; lastKnownFileType = sourcecode.c.objc; path = YHTSign.m; sourceTree = "<group>"; };
		CFDEBA831D1185FE00B57D2C /* YHTSignView.h */ = {isa = PBXFileReference; fileEncoding = 4; lastKnownFileType = sourcecode.c.h; path = YHTSignView.h; sourceTree = "<group>"; };
		CFDEBA841D1185FE00B57D2C /* YHTSignView.m */ = {isa = PBXFileReference; fileEncoding = 4; lastKnownFileType = sourcecode.c.objc; path = YHTSignView.m; sourceTree = "<group>"; };
		CFDEBA8F1D1186D900B57D2C /* YHTContractManager.h */ = {isa = PBXFileReference; fileEncoding = 4; lastKnownFileType = sourcecode.c.h; path = YHTContractManager.h; sourceTree = "<group>"; };
		CFDEBA901D1186D900B57D2C /* YHTContractManager.m */ = {isa = PBXFileReference; fileEncoding = 4; lastKnownFileType = sourcecode.c.objc; path = YHTContractManager.m; sourceTree = "<group>"; };
		CFDEBA911D1186D900B57D2C /* YHTSignManager.h */ = {isa = PBXFileReference; fileEncoding = 4; lastKnownFileType = sourcecode.c.h; path = YHTSignManager.h; sourceTree = "<group>"; };
		CFDEBA921D1186D900B57D2C /* YHTSignManager.m */ = {isa = PBXFileReference; fileEncoding = 4; lastKnownFileType = sourcecode.c.objc; path = YHTSignManager.m; sourceTree = "<group>"; };
		CFDEBA931D1186D900B57D2C /* YHTTokenManager.h */ = {isa = PBXFileReference; fileEncoding = 4; lastKnownFileType = sourcecode.c.h; path = YHTTokenManager.h; sourceTree = "<group>"; };
		CFDEBA941D1186D900B57D2C /* YHTTokenManager.m */ = {isa = PBXFileReference; fileEncoding = 4; lastKnownFileType = sourcecode.c.objc; path = YHTTokenManager.m; sourceTree = "<group>"; };
		CFDEBA981D1186FC00B57D2C /* YHTContractContentViewController.h */ = {isa = PBXFileReference; fileEncoding = 4; lastKnownFileType = sourcecode.c.h; path = YHTContractContentViewController.h; sourceTree = "<group>"; };
		CFDEBA991D1186FC00B57D2C /* YHTContractContentViewController.m */ = {isa = PBXFileReference; fileEncoding = 4; lastKnownFileType = sourcecode.c.objc; path = YHTContractContentViewController.m; sourceTree = "<group>"; };
		CFDEBA9A1D1186FC00B57D2C /* YHTSignMadeViewController.h */ = {isa = PBXFileReference; fileEncoding = 4; lastKnownFileType = sourcecode.c.h; path = YHTSignMadeViewController.h; sourceTree = "<group>"; };
		CFDEBA9B1D1186FC00B57D2C /* YHTSignMadeViewController.m */ = {isa = PBXFileReference; fileEncoding = 4; lastKnownFileType = sourcecode.c.objc; path = YHTSignMadeViewController.m; sourceTree = "<group>"; };
		CFDEBA9C1D1186FC00B57D2C /* YHTSignViewController.h */ = {isa = PBXFileReference; fileEncoding = 4; lastKnownFileType = sourcecode.c.h; path = YHTSignViewController.h; sourceTree = "<group>"; };
		CFDEBA9D1D1186FC00B57D2C /* YHTSignViewController.m */ = {isa = PBXFileReference; fileEncoding = 4; lastKnownFileType = sourcecode.c.objc; path = YHTSignViewController.m; sourceTree = "<group>"; };
		CFF258B21D0ED6010093F0CD /* YHTSDKDemoBaseViewController.h */ = {isa = PBXFileReference; fileEncoding = 4; lastKnownFileType = sourcecode.c.h; path = YHTSDKDemoBaseViewController.h; sourceTree = "<group>"; };
		CFF258B31D0ED6010093F0CD /* YHTSDKDemoBaseViewController.m */ = {isa = PBXFileReference; fileEncoding = 4; lastKnownFileType = sourcecode.c.objc; path = YHTSDKDemoBaseViewController.m; sourceTree = "<group>"; };
		F468922D5309885756F55EBA /* libPods-CloudContract_SDK.a */ = {isa = PBXFileReference; explicitFileType = archive.ar; includeInIndex = 0; path = "libPods-CloudContract_SDK.a"; sourceTree = BUILT_PRODUCTS_DIR; };
/* End PBXFileReference section */

/* Begin PBXFrameworksBuildPhase section */
		CF67F6351CC8B04F00BBB7AF /* Frameworks */ = {
			isa = PBXFrameworksBuildPhase;
			buildActionMask = 2147483647;
			files = (
				05FE03CCBADD3226B5DB76DD /* libPods-CloudContract_SDK.a in Frameworks */,
			);
			runOnlyForDeploymentPostprocessing = 0;
		};
		CF67F64E1CC8B04F00BBB7AF /* Frameworks */ = {
			isa = PBXFrameworksBuildPhase;
			buildActionMask = 2147483647;
			files = (
			);
			runOnlyForDeploymentPostprocessing = 0;
		};
/* End PBXFrameworksBuildPhase section */

/* Begin PBXGroup section */
		08EFED2FB027B0E1A9633347 /* Frameworks */ = {
			isa = PBXGroup;
			children = (
				CFCF4D3B1E051209007BD328 /* libPods-CloudContract_SDK.a */,
				CFCF4D381E051155007BD328 /* libMBProgressHUD.a */,
				F468922D5309885756F55EBA /* libPods-CloudContract_SDK.a */,
			);
			name = Frameworks;
			sourceTree = "<group>";
		};
		C378AD4984CB973E714D2F01 /* Pods */ = {
			isa = PBXGroup;
			children = (
				8D89880A687DC8BAB5F00825 /* Pods-CloudContract_SDK.debug.xcconfig */,
				8348C4A7459945511BC4E404 /* Pods-CloudContract_SDK.release.xcconfig */,
			);
			name = Pods;
			sourceTree = "<group>";
		};
		CF1BEF111CE7182800A55417 /* AFNetworking */ = {
			isa = PBXGroup;
			children = (
				CF1BEF121CE7182800A55417 /* AFHTTPRequestOperation.h */,
				CF1BEF131CE7182800A55417 /* AFHTTPRequestOperation.m */,
				CF1BEF141CE7182800A55417 /* AFHTTPRequestOperationManager.h */,
				CF1BEF151CE7182800A55417 /* AFHTTPRequestOperationManager.m */,
				CF1BEF161CE7182800A55417 /* AFHTTPSessionManager.h */,
				CF1BEF171CE7182800A55417 /* AFHTTPSessionManager.m */,
				CF1BEF181CE7182800A55417 /* AFNetworking.h */,
				CF1BEF191CE7182800A55417 /* AFNetworkReachabilityManager.h */,
				CF1BEF1A1CE7182800A55417 /* AFNetworkReachabilityManager.m */,
				CF1BEF1B1CE7182800A55417 /* AFSecurityPolicy.h */,
				CF1BEF1C1CE7182800A55417 /* AFSecurityPolicy.m */,
				CF1BEF1D1CE7182800A55417 /* AFURLConnectionOperation.h */,
				CF1BEF1E1CE7182800A55417 /* AFURLConnectionOperation.m */,
				CF1BEF1F1CE7182800A55417 /* AFURLRequestSerialization.h */,
				CF1BEF201CE7182800A55417 /* AFURLRequestSerialization.m */,
				CF1BEF211CE7182800A55417 /* AFURLResponseSerialization.h */,
				CF1BEF221CE7182800A55417 /* AFURLResponseSerialization.m */,
				CF1BEF231CE7182800A55417 /* AFURLSessionManager.h */,
				CF1BEF241CE7182800A55417 /* AFURLSessionManager.m */,
			);
			path = AFNetworking;
			sourceTree = "<group>";
		};
		CF309BB31CEC4A0C00637FF6 /* Categorys */ = {
			isa = PBXGroup;
			children = (
				CFCF4D5B1E0516BC007BD328 /* MBProgressHUD+Wqz.h */,
				CFCF4D5C1E0516BC007BD328 /* MBProgressHUD+Wqz.m */,
				CF309BB41CEC4A0C00637FF6 /* NSData+Base64.h */,
				CF309BB51CEC4A0C00637FF6 /* NSData+Base64.m */,
				CF309BB61CEC4A0C00637FF6 /* NSNumber+Wqz.h */,
				CF309BB71CEC4A0C00637FF6 /* NSNumber+Wqz.m */,
				CF309BB81CEC4A0C00637FF6 /* NSString+Wqz.h */,
				CF309BB91CEC4A0C00637FF6 /* NSString+Wqz.m */,
				CF309BBA1CEC4A0C00637FF6 /* UIButton+Wqz.h */,
				CF309BBB1CEC4A0C00637FF6 /* UIButton+Wqz.m */,
				CF309BBC1CEC4A0C00637FF6 /* UIImage+Wqz.h */,
				CF309BBD1CEC4A0C00637FF6 /* UIImage+Wqz.m */,
			);
			path = Categorys;
			sourceTree = "<group>";
		};
		CF309BC31CEC4B5600637FF6 /* Bases */ = {
			isa = PBXGroup;
			children = (
				CF309BC41CEC4B5600637FF6 /* BasePopMenu.h */,
				CF309BC51CEC4B5600637FF6 /* BasePopMenu.m */,
				CF309BC61CEC4B5600637FF6 /* BasePopTableView.h */,
				CF309BC71CEC4B5600637FF6 /* BasePopTableView.m */,
				CF309BC81CEC4B5600637FF6 /* BaseWebView.h */,
				CF309BC91CEC4B5600637FF6 /* BaseWebView.m */,
			);
			path = Bases;
			sourceTree = "<group>";
		};
		CF67F62F1CC8B04F00BBB7AF = {
			isa = PBXGroup;
			children = (
				CF1BEF111CE7182800A55417 /* AFNetworking */,
				CF67F63A1CC8B04F00BBB7AF /* CloudContract_SDK */,
				CF67F6541CC8B04F00BBB7AF /* CloudContract_SDKTests */,
				CF67F6391CC8B04F00BBB7AF /* Products */,
				CF67F6831CC8B68F00BBB7AF /* YHT_SDK_1.0.0 */,
				C378AD4984CB973E714D2F01 /* Pods */,
				08EFED2FB027B0E1A9633347 /* Frameworks */,
			);
			sourceTree = "<group>";
		};
		CF67F6391CC8B04F00BBB7AF /* Products */ = {
			isa = PBXGroup;
			children = (
				CF67F6381CC8B04F00BBB7AF /* CloudContract_SDK.app */,
				CF67F6511CC8B04F00BBB7AF /* CloudContract_SDKTests.xctest */,
			);
			name = Products;
			sourceTree = "<group>";
		};
		CF67F63A1CC8B04F00BBB7AF /* CloudContract_SDK */ = {
			isa = PBXGroup;
			children = (
				CF67F63E1CC8B04F00BBB7AF /* AppDelegate.h */,
				CF67F63F1CC8B04F00BBB7AF /* AppDelegate.m */,
				CF67F6471CC8B04F00BBB7AF /* Assets.xcassets */,
				CF67F6551CC8B04F00BBB7AF /* CloudContract_SDKTests.m */,
				CF67F64C1CC8B04F00BBB7AF /* Info.plist */,
				CF67F6491CC8B04F00BBB7AF /* LaunchScreen.storyboard */,
				CF67F63B1CC8B04F00BBB7AF /* Supporting Files */,
				CFA7DA291CE9E49700D6EDD3 /* YHTSDKDemoContract.h */,
				CFA7DA2A1CE9E49700D6EDD3 /* YHTSDKDemoContract.m */,
				CFB9F2561D0304AD00262E49 /* YHTSDKDemoTokenListener.h */,
				CFB9F2571D0304AD00262E49 /* YHTSDKDemoTokenListener.m */,
				CF772EF31D06A504006005DF /* YHTSDKDemoConfirmViewController.h */,
				CF772EF41D06A504006005DF /* YHTSDKDemoConfirmViewController.m */,
				CF772EF51D06A504006005DF /* YHTSDKDemoConfirmViewController.xib */,
				CFA7DA261CE9E18500D6EDD3 /* YHTSDKDemoContractListViewController.h */,
				CFA7DA271CE9E18500D6EDD3 /* YHTSDKDemoContractListViewController.m */,
				CFA5B1FC1D057B1600239C6A /* YHTSDKDemoShowViewController.h */,
				CFA5B1FD1D057B1600239C6A /* YHTSDKDemoShowViewController.m */,
				CFA5B1FE1D057B1600239C6A /* YHTSDKDemoShowViewController.xib */,
				CFF258B21D0ED6010093F0CD /* YHTSDKDemoBaseViewController.h */,
				CFF258B31D0ED6010093F0CD /* YHTSDKDemoBaseViewController.m */,
			);
			path = CloudContract_SDK;
			sourceTree = "<group>";
		};
		CF67F63B1CC8B04F00BBB7AF /* Supporting Files */ = {
			isa = PBXGroup;
			children = (
				CF67F63C1CC8B04F00BBB7AF /* main.m */,
			);
			name = "Supporting Files";
			sourceTree = "<group>";
		};
		CF67F6541CC8B04F00BBB7AF /* CloudContract_SDKTests */ = {
			isa = PBXGroup;
			children = (
				CF67F6571CC8B04F00BBB7AF /* Info.plist */,
			);
			path = CloudContract_SDKTests;
			sourceTree = "<group>";
		};
		CF67F6831CC8B68F00BBB7AF /* YHT_SDK_1.0.0 */ = {
			isa = PBXGroup;
			children = (
				CF67F6D01CCDEAB400BBB7AF /* YHTSdk.h */,
				CF67F6D11CCDEAB400BBB7AF /* YHTSdk.m */,
				CFDEBA291D0FDE6000B57D2C /* 手动集成 */,
				CFDEBA1C1D0FD82F00B57D2C /* 快速集成 */,
				CFDEBA6D1D11848A00B57D2C /* YHTModules */,
				CF90EA681CD8D92B00E8BE90 /* Utils */,
				CF309BD01CEC57A900637FF6 /* YHTSdk.bundle */,
			);
			path = YHT_SDK_1.0.0;
			sourceTree = "<group>";
		};
		CF90EA681CD8D92B00E8BE90 /* Utils */ = {
			isa = PBXGroup;
			children = (
				CFDEBA481D0FDFAD00B57D2C /* lib */,
				CF309BC31CEC4B5600637FF6 /* Bases */,
				CF309BB31CEC4A0C00637FF6 /* Categorys */,
			);
			path = Utils;
			sourceTree = "<group>";
		};
		CFDEBA1C1D0FD82F00B57D2C /* 快速集成 */ = {
			isa = PBXGroup;
			children = (
				CFDEBA981D1186FC00B57D2C /* YHTContractContentViewController.h */,
				CFDEBA991D1186FC00B57D2C /* YHTContractContentViewController.m */,
				CFD4077D1DFFE147004C1609 /* YHTPreContractContentViewController.h */,
				CFD4077E1DFFE147004C1609 /* YHTPreContractContentViewController.m */,
				CFDEBA9A1D1186FC00B57D2C /* YHTSignMadeViewController.h */,
				CFDEBA9B1D1186FC00B57D2C /* YHTSignMadeViewController.m */,
				CFDEBA9C1D1186FC00B57D2C /* YHTSignViewController.h */,
				CFDEBA9D1D1186FC00B57D2C /* YHTSignViewController.m */,
			);
			path = "快速集成";
			sourceTree = "<group>";
		};
		CFDEBA291D0FDE6000B57D2C /* 手动集成 */ = {
			isa = PBXGroup;
			children = (
				CFDEBA8F1D1186D900B57D2C /* YHTContractManager.h */,
				CFDEBA901D1186D900B57D2C /* YHTContractManager.m */,
				CFDEBA911D1186D900B57D2C /* YHTSignManager.h */,
				CFDEBA921D1186D900B57D2C /* YHTSignManager.m */,
				CFDEBA931D1186D900B57D2C /* YHTTokenManager.h */,
				CFDEBA941D1186D900B57D2C /* YHTTokenManager.m */,
			);
			path = "手动集成";
			sourceTree = "<group>";
		};
		CFDEBA481D0FDFAD00B57D2C /* lib */ = {
			isa = PBXGroup;
			children = (
				CFDEBA551D0FDFAD00B57D2C /* YHT_PPSSignatureView */,
			);
			path = lib;
			sourceTree = "<group>";
		};
		CFDEBA551D0FDFAD00B57D2C /* YHT_PPSSignatureView */ = {
			isa = PBXGroup;
			children = (
				CFDEBA561D0FDFAD00B57D2C /* YHT_PPSSignatureView.h */,
				CFDEBA571D0FDFAD00B57D2C /* YHT_PPSSignatureView.m */,
			);
			path = YHT_PPSSignatureView;
			sourceTree = "<group>";
		};
		CFDEBA6D1D11848A00B57D2C /* YHTModules */ = {
			isa = PBXGroup;
			children = (
				CFDEBA6E1D11848A00B57D2C /* YHTConstants.h */,
				CFDEBA6F1D11848A00B57D2C /* YHTConstants.m */,
				CFDEBA701D11848A00B57D2C /* YHTError.h */,
				CFDEBA711D11848A00B57D2C /* YHTError.m */,
				CFDEBA721D11848A00B57D2C /* YHTHttpRequest.h */,
				CFDEBA731D11848A00B57D2C /* YHTHttpRequest.m */,
				CFDEBA771D1185FE00B57D2C /* Contract */,
				CFDEBA801D1185FE00B57D2C /* Sign */,
			);
			path = YHTModules;
			sourceTree = "<group>";
		};
		CFDEBA771D1185FE00B57D2C /* Contract */ = {
			isa = PBXGroup;
			children = (
				CFDEBA781D1185FE00B57D2C /* YHTContract.h */,
				CFDEBA791D1185FE00B57D2C /* YHTContract.m */,
				CFDEBA7A1D1185FE00B57D2C /* YHTContractOperateMenu.h */,
				CFDEBA7B1D1185FE00B57D2C /* YHTContractOperateMenu.m */,
				CFD407801DFFF500004C1609 /* YHTContractPreOperateMenu.h */,
				CFD407811DFFF500004C1609 /* YHTContractPreOperateMenu.m */,
				CFDEBA7C1D1185FE00B57D2C /* YHTContractPartner.h */,
				CFDEBA7D1D1185FE00B57D2C /* YHTContractPartner.m */,
				CFDEBA7E1D1185FE00B57D2C /* YHTContractWebView.h */,
				CFDEBA7F1D1185FE00B57D2C /* YHTContractWebView.m */,
			);
			path = Contract;
			sourceTree = "<group>";
		};
		CFDEBA801D1185FE00B57D2C /* Sign */ = {
			isa = PBXGroup;
			children = (
				CFDEBA811D1185FE00B57D2C /* YHTSign.h */,
				CFDEBA821D1185FE00B57D2C /* YHTSign.m */,
				CFDEBA831D1185FE00B57D2C /* YHTSignView.h */,
				CFDEBA841D1185FE00B57D2C /* YHTSignView.m */,
			);
			path = Sign;
			sourceTree = "<group>";
		};
/* End PBXGroup section */

/* Begin PBXNativeTarget section */
		CF67F6371CC8B04F00BBB7AF /* CloudContract_SDK */ = {
			isa = PBXNativeTarget;
			buildConfigurationList = CF67F6651CC8B04F00BBB7AF /* Build configuration list for PBXNativeTarget "CloudContract_SDK" */;
			buildPhases = (
				219270EE362A028CB39EF3BB /* [CP] Check Pods Manifest.lock */,
				CF67F6341CC8B04F00BBB7AF /* Sources */,
				CF67F6351CC8B04F00BBB7AF /* Frameworks */,
				CF67F6361CC8B04F00BBB7AF /* Resources */,
				DC48882C1820EE3E293D0203 /* [CP] Embed Pods Frameworks */,
				9303FB2FA43EBE16D6590BF4 /* [CP] Copy Pods Resources */,
			);
			buildRules = (
			);
			dependencies = (
			);
			name = CloudContract_SDK;
			productName = CloudContract_SDK;
			productReference = CF67F6381CC8B04F00BBB7AF /* CloudContract_SDK.app */;
			productType = "com.apple.product-type.application";
		};
		CF67F6501CC8B04F00BBB7AF /* CloudContract_SDKTests */ = {
			isa = PBXNativeTarget;
			buildConfigurationList = CF67F6681CC8B04F00BBB7AF /* Build configuration list for PBXNativeTarget "CloudContract_SDKTests" */;
			buildPhases = (
				CF67F64D1CC8B04F00BBB7AF /* Sources */,
				CF67F64E1CC8B04F00BBB7AF /* Frameworks */,
				CF67F64F1CC8B04F00BBB7AF /* Resources */,
			);
			buildRules = (
			);
			dependencies = (
				CF67F6531CC8B04F00BBB7AF /* PBXTargetDependency */,
			);
			name = CloudContract_SDKTests;
			productName = CloudContract_SDKTests;
			productReference = CF67F6511CC8B04F00BBB7AF /* CloudContract_SDKTests.xctest */;
			productType = "com.apple.product-type.bundle.unit-test";
		};
/* End PBXNativeTarget section */

/* Begin PBXProject section */
		CF67F6301CC8B04F00BBB7AF /* Project object */ = {
			isa = PBXProject;
			attributes = {
				LastUpgradeCheck = 0730;
				ORGANIZATIONNAME = dazheng_wu;
				TargetAttributes = {
					CF67F6371CC8B04F00BBB7AF = {
						CreatedOnToolsVersion = 7.3;
						DevelopmentTeam = 633UF3BWJG;
					};
					CF67F6501CC8B04F00BBB7AF = {
						CreatedOnToolsVersion = 7.3;
						TestTargetID = CF67F6371CC8B04F00BBB7AF;
					};
				};
			};
			buildConfigurationList = CF67F6331CC8B04F00BBB7AF /* Build configuration list for PBXProject "CloudContract_SDK" */;
			compatibilityVersion = "Xcode 3.2";
			developmentRegion = English;
			hasScannedForEncodings = 0;
			knownRegions = (
				en,
				Base,
			);
			mainGroup = CF67F62F1CC8B04F00BBB7AF;
			productRefGroup = CF67F6391CC8B04F00BBB7AF /* Products */;
			projectDirPath = "";
			projectRoot = "";
			targets = (
				CF67F6371CC8B04F00BBB7AF /* CloudContract_SDK */,
				CF67F6501CC8B04F00BBB7AF /* CloudContract_SDKTests */,
			);
		};
/* End PBXProject section */

/* Begin PBXResourcesBuildPhase section */
		CF67F6361CC8B04F00BBB7AF /* Resources */ = {
			isa = PBXResourcesBuildPhase;
			buildActionMask = 2147483647;
			files = (
				CF309BD51CEC5CD900637FF6 /* YHTSdk.bundle in Resources */,
				CF67F64B1CC8B04F00BBB7AF /* LaunchScreen.storyboard in Resources */,
				CFA5B2001D057B1600239C6A /* YHTSDKDemoShowViewController.xib in Resources */,
				CF67F6481CC8B04F00BBB7AF /* Assets.xcassets in Resources */,
				CF772EF71D06A504006005DF /* YHTSDKDemoConfirmViewController.xib in Resources */,
			);
			runOnlyForDeploymentPostprocessing = 0;
		};
		CF67F64F1CC8B04F00BBB7AF /* Resources */ = {
			isa = PBXResourcesBuildPhase;
			buildActionMask = 2147483647;
			files = (
			);
			runOnlyForDeploymentPostprocessing = 0;
		};
/* End PBXResourcesBuildPhase section */

/* Begin PBXShellScriptBuildPhase section */
		219270EE362A028CB39EF3BB /* [CP] Check Pods Manifest.lock */ = {
			isa = PBXShellScriptBuildPhase;
			buildActionMask = 2147483647;
			files = (
			);
			inputPaths = (
			);
			name = "[CP] Check Pods Manifest.lock";
			outputPaths = (
			);
			runOnlyForDeploymentPostprocessing = 0;
			shellPath = /bin/sh;
			shellScript = "diff \"${PODS_ROOT}/../Podfile.lock\" \"${PODS_ROOT}/Manifest.lock\" > /dev/null\nif [ $? != 0 ] ; then\n    # print error to STDERR\n    echo \"error: The sandbox is not in sync with the Podfile.lock. Run 'pod install' or update your CocoaPods installation.\" >&2\n    exit 1\nfi\n";
			showEnvVarsInLog = 0;
		};
		9303FB2FA43EBE16D6590BF4 /* [CP] Copy Pods Resources */ = {
			isa = PBXShellScriptBuildPhase;
			buildActionMask = 2147483647;
			files = (
			);
			inputPaths = (
			);
			name = "[CP] Copy Pods Resources";
			outputPaths = (
			);
			runOnlyForDeploymentPostprocessing = 0;
			shellPath = /bin/sh;
			shellScript = "\"${SRCROOT}/Pods/Target Support Files/Pods-CloudContract_SDK/Pods-CloudContract_SDK-resources.sh\"\n";
			showEnvVarsInLog = 0;
		};
		DC48882C1820EE3E293D0203 /* [CP] Embed Pods Frameworks */ = {
			isa = PBXShellScriptBuildPhase;
			buildActionMask = 2147483647;
			files = (
			);
			inputPaths = (
			);
			name = "[CP] Embed Pods Frameworks";
			outputPaths = (
			);
			runOnlyForDeploymentPostprocessing = 0;
			shellPath = /bin/sh;
			shellScript = "\"${SRCROOT}/Pods/Target Support Files/Pods-CloudContract_SDK/Pods-CloudContract_SDK-frameworks.sh\"\n";
			showEnvVarsInLog = 0;
		};
/* End PBXShellScriptBuildPhase section */

/* Begin PBXSourcesBuildPhase section */
		CF67F6341CC8B04F00BBB7AF /* Sources */ = {
			isa = PBXSourcesBuildPhase;
			buildActionMask = 2147483647;
			files = (
				CFCF4D5A1E051469007BD328 /* YHT_PPSSignatureView.m in Sources */,
				CFCF4D3D1E0513E5007BD328 /* YHTSdk.m in Sources */,
				CFCF4D3E1E0513E5007BD328 /* YHTContractManager.m in Sources */,
				CFCF4D3F1E0513E5007BD328 /* YHTSignManager.m in Sources */,
				CFCF4D401E0513E5007BD328 /* YHTTokenManager.m in Sources */,
				CFCF4D411E0513E5007BD328 /* YHTContractContentViewController.m in Sources */,
				CFCF4D421E0513E5007BD328 /* YHTPreContractContentViewController.m in Sources */,
				CFCF4D431E0513E5007BD328 /* YHTSignMadeViewController.m in Sources */,
				CFCF4D441E0513E5007BD328 /* YHTSignViewController.m in Sources */,
				CFCF4D451E0513E5007BD328 /* YHTConstants.m in Sources */,
				CFCF4D461E0513E5007BD328 /* YHTError.m in Sources */,
				CFCF4D471E0513E5007BD328 /* YHTHttpRequest.m in Sources */,
				CFCF4D481E0513E5007BD328 /* YHTContract.m in Sources */,
				CFCF4D491E0513E5007BD328 /* YHTContractOperateMenu.m in Sources */,
				CFCF4D5D1E0516BC007BD328 /* MBProgressHUD+Wqz.m in Sources */,
				CFCF4D4A1E0513E5007BD328 /* YHTContractPreOperateMenu.m in Sources */,
				CFCF4D4B1E0513E5007BD328 /* YHTContractPartner.m in Sources */,
				CFCF4D4C1E0513E5007BD328 /* YHTContractWebView.m in Sources */,
				CFCF4D4D1E0513E5007BD328 /* YHTSign.m in Sources */,
				CFCF4D4E1E0513E5007BD328 /* YHTSignView.m in Sources */,
				CFCF4D501E0513E5007BD328 /* BasePopMenu.m in Sources */,
				CFCF4D511E0513E5007BD328 /* BasePopTableView.m in Sources */,
				CFCF4D521E0513E5007BD328 /* BaseWebView.m in Sources */,
				CFCF4D531E0513E5007BD328 /* NSData+Base64.m in Sources */,
				CFCF4D541E0513E5007BD328 /* NSNumber+Wqz.m in Sources */,
				CFCF4D551E0513E5007BD328 /* NSString+Wqz.m in Sources */,
				CFCF4D561E0513E5007BD328 /* UIButton+Wqz.m in Sources */,
				CFCF4D571E0513E5007BD328 /* UIImage+Wqz.m in Sources */,
				CFF258B41D0ED6010093F0CD /* YHTSDKDemoBaseViewController.m in Sources */,
				CF1BEF251CE7182800A55417 /* AFHTTPRequestOperation.m in Sources */,
				CF1BEF261CE7182800A55417 /* AFHTTPRequestOperationManager.m in Sources */,
				CF1BEF281CE7182800A55417 /* AFNetworkReachabilityManager.m in Sources */,
				CFA7DA281CE9E18500D6EDD3 /* YHTSDKDemoContractListViewController.m in Sources */,
				CF1BEF2C1CE7182800A55417 /* AFURLResponseSerialization.m in Sources */,
				CF772EF61D06A504006005DF /* YHTSDKDemoConfirmViewController.m in Sources */,
				CF1BEF2A1CE7182800A55417 /* AFURLConnectionOperation.m in Sources */,
				CFA7DA2B1CE9E49700D6EDD3 /* YHTSDKDemoContract.m in Sources */,
				CFA5B1FF1D057B1600239C6A /* YHTSDKDemoShowViewController.m in Sources */,
				CF1BEF291CE7182800A55417 /* AFSecurityPolicy.m in Sources */,
				CF1BEF271CE7182800A55417 /* AFHTTPSessionManager.m in Sources */,
				CF1BEF2B1CE7182800A55417 /* AFURLRequestSerialization.m in Sources */,
				CF1BEF2D1CE7182800A55417 /* AFURLSessionManager.m in Sources */,
				CF67F6401CC8B04F00BBB7AF /* AppDelegate.m in Sources */,
				CF67F63D1CC8B04F00BBB7AF /* main.m in Sources */,
				CFB9F2581D0304AD00262E49 /* YHTSDKDemoTokenListener.m in Sources */,
			);
			runOnlyForDeploymentPostprocessing = 0;
		};
		CF67F64D1CC8B04F00BBB7AF /* Sources */ = {
			isa = PBXSourcesBuildPhase;
			buildActionMask = 2147483647;
			files = (
				CF67F6561CC8B04F00BBB7AF /* CloudContract_SDKTests.m in Sources */,
			);
			runOnlyForDeploymentPostprocessing = 0;
		};
/* End PBXSourcesBuildPhase section */

/* Begin PBXTargetDependency section */
		CF67F6531CC8B04F00BBB7AF /* PBXTargetDependency */ = {
			isa = PBXTargetDependency;
			target = CF67F6371CC8B04F00BBB7AF /* CloudContract_SDK */;
			targetProxy = CF67F6521CC8B04F00BBB7AF /* PBXContainerItemProxy */;
		};
/* End PBXTargetDependency section */

/* Begin PBXVariantGroup section */
		CF67F6491CC8B04F00BBB7AF /* LaunchScreen.storyboard */ = {
			isa = PBXVariantGroup;
			children = (
				CF67F64A1CC8B04F00BBB7AF /* Base */,
			);
			name = LaunchScreen.storyboard;
			sourceTree = "<group>";
		};
/* End PBXVariantGroup section */

/* Begin XCBuildConfiguration section */
		CF67F6631CC8B04F00BBB7AF /* Debug */ = {
			isa = XCBuildConfiguration;
			buildSettings = {
				ALWAYS_SEARCH_USER_PATHS = NO;
				CLANG_ANALYZER_NONNULL = YES;
				CLANG_CXX_LANGUAGE_STANDARD = "gnu++0x";
				CLANG_CXX_LIBRARY = "libc++";
				CLANG_ENABLE_MODULES = YES;
				CLANG_ENABLE_OBJC_ARC = YES;
				CLANG_WARN_BOOL_CONVERSION = YES;
				CLANG_WARN_CONSTANT_CONVERSION = YES;
				CLANG_WARN_DIRECT_OBJC_ISA_USAGE = YES_ERROR;
				CLANG_WARN_EMPTY_BODY = YES;
				CLANG_WARN_ENUM_CONVERSION = YES;
				CLANG_WARN_INT_CONVERSION = YES;
				CLANG_WARN_OBJC_ROOT_CLASS = YES_ERROR;
				CLANG_WARN_UNREACHABLE_CODE = YES;
				CLANG_WARN__DUPLICATE_METHOD_MATCH = YES;
				"CODE_SIGN_IDENTITY[sdk=iphoneos*]" = "iPhone Developer";
				COPY_PHASE_STRIP = NO;
				DEBUG_INFORMATION_FORMAT = dwarf;
				ENABLE_STRICT_OBJC_MSGSEND = YES;
				ENABLE_TESTABILITY = YES;
				GCC_C_LANGUAGE_STANDARD = gnu99;
				GCC_DYNAMIC_NO_PIC = NO;
				GCC_NO_COMMON_BLOCKS = YES;
				GCC_OPTIMIZATION_LEVEL = 0;
				GCC_PREPROCESSOR_DEFINITIONS = (
					"DEBUG=1",
					"$(inherited)",
				);
				GCC_WARN_64_TO_32_BIT_CONVERSION = YES;
				GCC_WARN_ABOUT_RETURN_TYPE = YES_ERROR;
				GCC_WARN_UNDECLARED_SELECTOR = YES;
				GCC_WARN_UNINITIALIZED_AUTOS = YES_AGGRESSIVE;
				GCC_WARN_UNUSED_FUNCTION = YES;
				GCC_WARN_UNUSED_VARIABLE = YES;
				IPHONEOS_DEPLOYMENT_TARGET = 9.3;
				MTL_ENABLE_DEBUG_INFO = YES;
				ONLY_ACTIVE_ARCH = YES;
				SDKROOT = iphoneos;
			};
			name = Debug;
		};
		CF67F6641CC8B04F00BBB7AF /* Release */ = {
			isa = XCBuildConfiguration;
			buildSettings = {
				ALWAYS_SEARCH_USER_PATHS = NO;
				CLANG_ANALYZER_NONNULL = YES;
				CLANG_CXX_LANGUAGE_STANDARD = "gnu++0x";
				CLANG_CXX_LIBRARY = "libc++";
				CLANG_ENABLE_MODULES = YES;
				CLANG_ENABLE_OBJC_ARC = YES;
				CLANG_WARN_BOOL_CONVERSION = YES;
				CLANG_WARN_CONSTANT_CONVERSION = YES;
				CLANG_WARN_DIRECT_OBJC_ISA_USAGE = YES_ERROR;
				CLANG_WARN_EMPTY_BODY = YES;
				CLANG_WARN_ENUM_CONVERSION = YES;
				CLANG_WARN_INT_CONVERSION = YES;
				CLANG_WARN_OBJC_ROOT_CLASS = YES_ERROR;
				CLANG_WARN_UNREACHABLE_CODE = YES;
				CLANG_WARN__DUPLICATE_METHOD_MATCH = YES;
				"CODE_SIGN_IDENTITY[sdk=iphoneos*]" = "iPhone Developer";
				COPY_PHASE_STRIP = NO;
				DEBUG_INFORMATION_FORMAT = "dwarf-with-dsym";
				ENABLE_NS_ASSERTIONS = NO;
				ENABLE_STRICT_OBJC_MSGSEND = YES;
				GCC_C_LANGUAGE_STANDARD = gnu99;
				GCC_NO_COMMON_BLOCKS = YES;
				GCC_WARN_64_TO_32_BIT_CONVERSION = YES;
				GCC_WARN_ABOUT_RETURN_TYPE = YES_ERROR;
				GCC_WARN_UNDECLARED_SELECTOR = YES;
				GCC_WARN_UNINITIALIZED_AUTOS = YES_AGGRESSIVE;
				GCC_WARN_UNUSED_FUNCTION = YES;
				GCC_WARN_UNUSED_VARIABLE = YES;
				IPHONEOS_DEPLOYMENT_TARGET = 9.3;
				MTL_ENABLE_DEBUG_INFO = NO;
				SDKROOT = iphoneos;
				VALIDATE_PRODUCT = YES;
			};
			name = Release;
		};
		CF67F6661CC8B04F00BBB7AF /* Debug */ = {
			isa = XCBuildConfiguration;
			baseConfigurationReference = 8D89880A687DC8BAB5F00825 /* Pods-CloudContract_SDK.debug.xcconfig */;
			buildSettings = {
				ASSETCATALOG_COMPILER_APPICON_NAME = AppIcon;
				CODE_SIGN_IDENTITY = "iPhone Developer";
				"CODE_SIGN_IDENTITY[sdk=iphoneos*]" = "iPhone Developer";
				INFOPLIST_FILE = CloudContract_SDK/Info.plist;
				IPHONEOS_DEPLOYMENT_TARGET = 7.0;
				LD_RUNPATH_SEARCH_PATHS = "$(inherited) @executable_path/Frameworks";
				OTHER_CFLAGS = "-O2";
				OTHER_LDFLAGS = (
					"$(inherited)",
					"-ObjC",
				);
				PRODUCT_BUNDLE_IDENTIFIER = "com.lx.CloudContract.CloudContract-SDK";
				PRODUCT_NAME = "$(TARGET_NAME)";
				PROVISIONING_PROFILE = "";
			};
			name = Debug;
		};
		CF67F6671CC8B04F00BBB7AF /* Release */ = {
			isa = XCBuildConfiguration;
			baseConfigurationReference = 8348C4A7459945511BC4E404 /* Pods-CloudContract_SDK.release.xcconfig */;
			buildSettings = {
				ASSETCATALOG_COMPILER_APPICON_NAME = AppIcon;
				CODE_SIGN_IDENTITY = "iPhone Developer";
				"CODE_SIGN_IDENTITY[sdk=iphoneos*]" = "iPhone Developer";
				INFOPLIST_FILE = CloudContract_SDK/Info.plist;
				IPHONEOS_DEPLOYMENT_TARGET = 7.0;
				LD_RUNPATH_SEARCH_PATHS = "$(inherited) @executable_path/Frameworks";
				OTHER_LDFLAGS = (
					"$(inherited)",
					"-ObjC",
				);
				PRODUCT_BUNDLE_IDENTIFIER = "com.lx.CloudContract.CloudContract-SDK";
				PRODUCT_NAME = "$(TARGET_NAME)";
				PROVISIONING_PROFILE = "";
			};
			name = Release;
		};
		CF67F6691CC8B04F00BBB7AF /* Debug */ = {
			isa = XCBuildConfiguration;
			buildSettings = {
				BUNDLE_LOADER = "$(TEST_HOST)";
				INFOPLIST_FILE = CloudContract_SDKTests/Info.plist;
				LD_RUNPATH_SEARCH_PATHS = "$(inherited) @executable_path/Frameworks @loader_path/Frameworks";
				PRODUCT_BUNDLE_IDENTIFIER = "com.lx.CloudContract.CloudContract-SDKTests";
				PRODUCT_NAME = "$(TARGET_NAME)";
				TEST_HOST = "$(BUILT_PRODUCTS_DIR)/CloudContract_SDK.app/CloudContract_SDK";
			};
			name = Debug;
		};
		CF67F66A1CC8B04F00BBB7AF /* Release */ = {
			isa = XCBuildConfiguration;
			buildSettings = {
				BUNDLE_LOADER = "$(TEST_HOST)";
				INFOPLIST_FILE = CloudContract_SDKTests/Info.plist;
				LD_RUNPATH_SEARCH_PATHS = "$(inherited) @executable_path/Frameworks @loader_path/Frameworks";
				PRODUCT_BUNDLE_IDENTIFIER = "com.lx.CloudContract.CloudContract-SDKTests";
				PRODUCT_NAME = "$(TARGET_NAME)";
				TEST_HOST = "$(BUILT_PRODUCTS_DIR)/CloudContract_SDK.app/CloudContract_SDK";
			};
			name = Release;
		};
/* End XCBuildConfiguration section */

/* Begin XCConfigurationList section */
		CF67F6331CC8B04F00BBB7AF /* Build configuration list for PBXProject "CloudContract_SDK" */ = {
			isa = XCConfigurationList;
			buildConfigurations = (
				CF67F6631CC8B04F00BBB7AF /* Debug */,
				CF67F6641CC8B04F00BBB7AF /* Release */,
			);
			defaultConfigurationIsVisible = 0;
			defaultConfigurationName = Release;
		};
		CF67F6651CC8B04F00BBB7AF /* Build configuration list for PBXNativeTarget "CloudContract_SDK" */ = {
			isa = XCConfigurationList;
			buildConfigurations = (
				CF67F6661CC8B04F00BBB7AF /* Debug */,
				CF67F6671CC8B04F00BBB7AF /* Release */,
			);
			defaultConfigurationIsVisible = 0;
			defaultConfigurationName = Release;
		};
		CF67F6681CC8B04F00BBB7AF /* Build configuration list for PBXNativeTarget "CloudContract_SDKTests" */ = {
			isa = XCConfigurationList;
			buildConfigurations = (
				CF67F6691CC8B04F00BBB7AF /* Debug */,
				CF67F66A1CC8B04F00BBB7AF /* Release */,
			);
			defaultConfigurationIsVisible = 0;
			defaultConfigurationName = Release;
		};
/* End XCConfigurationList section */
	};
	rootObject = CF67F6301CC8B04F00BBB7AF /* Project object */;
}
